
Microsoft Visual Studio Solution File, Format Version 12.00
# Visual Studio Version 17
VisualStudioVersion = 17.3.32922.545
MinimumVisualStudioVersion = 10.0.40219.1
Project("{FAE04EC0-301F-11D3-BF4B-00C04F79EFBC}") = "TRSPK 5.1", "TRSPK 5.1\TRSPK 5.1.csproj", "{0093DB7D-0C2C-4DA8-8D78-414A73A4F063}"
EndProject
Global
	GlobalSection(SolutionConfigurationPlatforms) = preSolution
		Debug|Any CPU = Debug|Any CPU
		Release|Any CPU = Release|Any CPU
	EndGlobalSection
	GlobalSection(ProjectConfigurationPlatforms) = postSolution
		{0093DB7D-0C2C-4DA8-8D78-414A73A4F063}.Debug|Any CPU.ActiveCfg = Debug|Any CPU
		{0093DB7D-0C2C-4DA8-8D78-414A73A4F063}.Debug|Any CPU.Build.0 = Debug|Any CPU
		{0093DB7D-0C2C-4DA8-8D78-414A73A4F063}.Release|Any CPU.ActiveCfg = Release|Any CPU
		{0093DB7D-0C2C-4DA8-8D78-414A73A4F063}.Release|Any CPU.Build.0 = Release|Any CPU
	EndGlobalSection
	GlobalSection(SolutionProperties) = preSolution
		HideSolutionNode = FALSE
	EndGlobalSection
	GlobalSection(ExtensibilityGlobals) = postSolution
		SolutionGuid = {2034AD66-B92E-45EE-AB22-D27B19016496}
	EndGlobalSection
EndGlobal
